
Microsoft Visual Studio Solution File, Format Version 12.00
# Visual Studio Version 16
VisualStudioVersion = 16.0.30413.136
MinimumVisualStudioVersion = 10.0.40219.1
Project("{FAE04EC0-301F-11D3-BF4B-00C04F79EFBC}") = "CourseLibrary.Api", "CourseLibrary.Api\CourseLibrary.Api.csproj", "{6F84F45E-B479-4C4A-98DF-82C5E3386981}"
EndProject
Global
	GlobalSection(SolutionConfigurationPlatforms) = preSolution
		Debug|Any CPU = Debug|Any CPU
		Release|Any CPU = Release|Any CPU
	EndGlobalSection
	GlobalSection(ProjectConfigurationPlatforms) = postSolution
		{6F84F45E-B479-4C4A-98DF-82C5E3386981}.Debug|Any CPU.ActiveCfg = Debug|Any CPU
		{6F84F45E-B479-4C4A-98DF-82C5E3386981}.Debug|Any CPU.Build.0 = Debug|Any CPU
		{6F84F45E-B479-4C4A-98DF-82C5E3386981}.Release|Any CPU.ActiveCfg = Release|Any CPU
		{6F84F45E-B479-4C4A-98DF-82C5E3386981}.Release|Any CPU.Build.0 = Release|Any CPU
	EndGlobalSection
	GlobalSection(SolutionProperties) = preSolution
		HideSolutionNode = FALSE
	EndGlobalSection
	GlobalSection(ExtensibilityGlobals) = postSolution
		SolutionGuid = {BB641EF0-E11F-441A-90BB-CDE7625AEF9C}
	EndGlobalSection
EndGlobal
